
Microsoft Visual Studio Solution File, Format Version 12.00
# Visual Studio 15
VisualStudioVersion = 15.0.27004.2009
MinimumVisualStudioVersion = 10.0.40219.1
Project("{FAE04EC0-301F-11D3-BF4B-00C04F79EFBC}") = "Selenium.Extensions.MultiBrowser", "Selenium.Extensions\Selenium.Extensions.MultiBrowser.csproj", "{8470CFE2-FF74-4C2E-916B-550F23181C94}"
EndProject
Global
	GlobalSection(SolutionConfigurationPlatforms) = preSolution
		Debug|Any CPU = Debug|Any CPU
		Release|Any CPU = Release|Any CPU
	EndGlobalSection
	GlobalSection(ProjectConfigurationPlatforms) = postSolution
		{8470CFE2-FF74-4C2E-916B-550F23181C94}.Debug|Any CPU.ActiveCfg = Debug|Any CPU
		{8470CFE2-FF74-4C2E-916B-550F23181C94}.Debug|Any CPU.Build.0 = Debug|Any CPU
		{8470CFE2-FF74-4C2E-916B-550F23181C94}.Release|Any CPU.ActiveCfg = Release|Any CPU
		{8470CFE2-FF74-4C2E-916B-550F23181C94}.Release|Any CPU.Build.0 = Release|Any CPU
	EndGlobalSection
	GlobalSection(SolutionProperties) = preSolution
		HideSolutionNode = FALSE
	EndGlobalSection
	GlobalSection(ExtensibilityGlobals) = postSolution
		SolutionGuid = {6A4782D2-80D8-44F8-832F-55990E47EFA2}
	EndGlobalSection
EndGlobal
